
Microsoft Visual Studio Solution File, Format Version 12.00
# Visual Studio 15
VisualStudioVersion = 15.0.27703.2035
MinimumVisualStudioVersion = 10.0.40219.1
Project("{FAE04EC0-301F-11D3-BF4B-00C04F79EFBC}") = "ApiTecnodim", "ApiTecnodim\ApiTecnodim.csproj", "{7E5E71CA-A80D-419B-BD28-B03578369059}"
EndProject
Project("{FAE04EC0-301F-11D3-BF4B-00C04F79EFBC}") = "i18n", "i18n\i18n.csproj", "{D1ECEB7F-0D76-415F-9E3B-627E2BA86ABD}"
EndProject
Project("{FAE04EC0-301F-11D3-BF4B-00C04F79EFBC}") = "DataEF", "DataEF\DataEF.csproj", "{008B818A-ADE8-4772-81A9-C327F49E1CAD}"
EndProject
Project("{FAE04EC0-301F-11D3-BF4B-00C04F79EFBC}") = "Helper", "Helper\Helper.csproj", "{9ECDDCFB-D233-46D6-B2A3-31F96E24085F}"
EndProject
Project("{FAE04EC0-301F-11D3-BF4B-00C04F79EFBC}") = "Model", "Model\Model.csproj", "{9B431499-44C3-434C-8771-1EF05F1C9F5B}"
EndProject
Project("{FAE04EC0-301F-11D3-BF4B-00C04F79EFBC}") = "Repository", "Repository\Repository.csproj", "{9AE6CC7E-115B-44E9-BEA3-FBEABB7A1448}"
EndProject
Project("{FAE04EC0-301F-11D3-BF4B-00C04F79EFBC}") = "SoftExpert", "SoftExpert\SoftExpert.csproj", "{0513BC0F-6D0C-4C19-997C-C1E7361213CA}"
EndProject
Global
	GlobalSection(SolutionConfigurationPlatforms) = preSolution
		Debug|Any CPU = Debug|Any CPU
		Hom|Any CPU = Hom|Any CPU
		Prod|Any CPU = Prod|Any CPU
		Release|Any CPU = Release|Any CPU
		SERProd|Any CPU = SERProd|Any CPU
	EndGlobalSection
	GlobalSection(ProjectConfigurationPlatforms) = postSolution
		{7E5E71CA-A80D-419B-BD28-B03578369059}.Debug|Any CPU.ActiveCfg = Debug|Any CPU
		{7E5E71CA-A80D-419B-BD28-B03578369059}.Debug|Any CPU.Build.0 = Debug|Any CPU
		{7E5E71CA-A80D-419B-BD28-B03578369059}.Hom|Any CPU.ActiveCfg = Hom|Any CPU
		{7E5E71CA-A80D-419B-BD28-B03578369059}.Hom|Any CPU.Build.0 = Hom|Any CPU
		{7E5E71CA-A80D-419B-BD28-B03578369059}.Prod|Any CPU.ActiveCfg = Prod|Any CPU
		{7E5E71CA-A80D-419B-BD28-B03578369059}.Prod|Any CPU.Build.0 = Prod|Any CPU
		{7E5E71CA-A80D-419B-BD28-B03578369059}.Release|Any CPU.ActiveCfg = Release|Any CPU
		{7E5E71CA-A80D-419B-BD28-B03578369059}.Release|Any CPU.Build.0 = Release|Any CPU
		{7E5E71CA-A80D-419B-BD28-B03578369059}.SERProd|Any CPU.ActiveCfg = SERProd|Any CPU
		{7E5E71CA-A80D-419B-BD28-B03578369059}.SERProd|Any CPU.Build.0 = SERProd|Any CPU
		{D1ECEB7F-0D76-415F-9E3B-627E2BA86ABD}.Debug|Any CPU.ActiveCfg = Debug|Any CPU
		{D1ECEB7F-0D76-415F-9E3B-627E2BA86ABD}.Debug|Any CPU.Build.0 = Debug|Any CPU
		{D1ECEB7F-0D76-415F-9E3B-627E2BA86ABD}.Hom|Any CPU.ActiveCfg = Hom|Any CPU
		{D1ECEB7F-0D76-415F-9E3B-627E2BA86ABD}.Hom|Any CPU.Build.0 = Hom|Any CPU
		{D1ECEB7F-0D76-415F-9E3B-627E2BA86ABD}.Prod|Any CPU.ActiveCfg = Prod|Any CPU
		{D1ECEB7F-0D76-415F-9E3B-627E2BA86ABD}.Prod|Any CPU.Build.0 = Prod|Any CPU
		{D1ECEB7F-0D76-415F-9E3B-627E2BA86ABD}.Release|Any CPU.ActiveCfg = Release|Any CPU
		{D1ECEB7F-0D76-415F-9E3B-627E2BA86ABD}.Release|Any CPU.Build.0 = Release|Any CPU
		{D1ECEB7F-0D76-415F-9E3B-627E2BA86ABD}.SERProd|Any CPU.ActiveCfg = SERProd|Any CPU
		{D1ECEB7F-0D76-415F-9E3B-627E2BA86ABD}.SERProd|Any CPU.Build.0 = SERProd|Any CPU
		{008B818A-ADE8-4772-81A9-C327F49E1CAD}.Debug|Any CPU.ActiveCfg = Debug|Any CPU
		{008B818A-ADE8-4772-81A9-C327F49E1CAD}.Debug|Any CPU.Build.0 = Debug|Any CPU
		{008B818A-ADE8-4772-81A9-C327F49E1CAD}.Hom|Any CPU.ActiveCfg = Hom|Any CPU
		{008B818A-ADE8-4772-81A9-C327F49E1CAD}.Hom|Any CPU.Build.0 = Hom|Any CPU
		{008B818A-ADE8-4772-81A9-C327F49E1CAD}.Prod|Any CPU.ActiveCfg = Prod|Any CPU
		{008B818A-ADE8-4772-81A9-C327F49E1CAD}.Prod|Any CPU.Build.0 = Prod|Any CPU
		{008B818A-ADE8-4772-81A9-C327F49E1CAD}.Release|Any CPU.ActiveCfg = Release|Any CPU
		{008B818A-ADE8-4772-81A9-C327F49E1CAD}.Release|Any CPU.Build.0 = Release|Any CPU
		{008B818A-ADE8-4772-81A9-C327F49E1CAD}.SERProd|Any CPU.ActiveCfg = SERProd|Any CPU
		{008B818A-ADE8-4772-81A9-C327F49E1CAD}.SERProd|Any CPU.Build.0 = SERProd|Any CPU
		{9ECDDCFB-D233-46D6-B2A3-31F96E24085F}.Debug|Any CPU.ActiveCfg = Debug|Any CPU
		{9ECDDCFB-D233-46D6-B2A3-31F96E24085F}.Debug|Any CPU.Build.0 = Debug|Any CPU
		{9ECDDCFB-D233-46D6-B2A3-31F96E24085F}.Hom|Any CPU.ActiveCfg = Hom|Any CPU
		{9ECDDCFB-D233-46D6-B2A3-31F96E24085F}.Hom|Any CPU.Build.0 = Hom|Any CPU
		{9ECDDCFB-D233-46D6-B2A3-31F96E24085F}.Prod|Any CPU.ActiveCfg = Prod|Any CPU
		{9ECDDCFB-D233-46D6-B2A3-31F96E24085F}.Prod|Any CPU.Build.0 = Prod|Any CPU
		{9ECDDCFB-D233-46D6-B2A3-31F96E24085F}.Release|Any CPU.ActiveCfg = Release|Any CPU
		{9ECDDCFB-D233-46D6-B2A3-31F96E24085F}.Release|Any CPU.Build.0 = Release|Any CPU
		{9ECDDCFB-D233-46D6-B2A3-31F96E24085F}.SERProd|Any CPU.ActiveCfg = SERProd|Any CPU
		{9ECDDCFB-D233-46D6-B2A3-31F96E24085F}.SERProd|Any CPU.Build.0 = SERProd|Any CPU
		{9B431499-44C3-434C-8771-1EF05F1C9F5B}.Debug|Any CPU.ActiveCfg = Debug|Any CPU
		{9B431499-44C3-434C-8771-1EF05F1C9F5B}.Debug|Any CPU.Build.0 = Debug|Any CPU
		{9B431499-44C3-434C-8771-1EF05F1C9F5B}.Hom|Any CPU.ActiveCfg = Hom|Any CPU
		{9B431499-44C3-434C-8771-1EF05F1C9F5B}.Hom|Any CPU.Build.0 = Hom|Any CPU
		{9B431499-44C3-434C-8771-1EF05F1C9F5B}.Prod|Any CPU.ActiveCfg = Prod|Any CPU
		{9B431499-44C3-434C-8771-1EF05F1C9F5B}.Prod|Any CPU.Build.0 = Prod|Any CPU
		{9B431499-44C3-434C-8771-1EF05F1C9F5B}.Release|Any CPU.ActiveCfg = Release|Any CPU
		{9B431499-44C3-434C-8771-1EF05F1C9F5B}.Release|Any CPU.Build.0 = Release|Any CPU
		{9B431499-44C3-434C-8771-1EF05F1C9F5B}.SERProd|Any CPU.ActiveCfg = SERProd|Any CPU
		{9B431499-44C3-434C-8771-1EF05F1C9F5B}.SERProd|Any CPU.Build.0 = SERProd|Any CPU
		{9AE6CC7E-115B-44E9-BEA3-FBEABB7A1448}.Debug|Any CPU.ActiveCfg = Debug|Any CPU
		{9AE6CC7E-115B-44E9-BEA3-FBEABB7A1448}.Debug|Any CPU.Build.0 = Debug|Any CPU
		{9AE6CC7E-115B-44E9-BEA3-FBEABB7A1448}.Hom|Any CPU.ActiveCfg = Hom|Any CPU
		{9AE6CC7E-115B-44E9-BEA3-FBEABB7A1448}.Hom|Any CPU.Build.0 = Hom|Any CPU
		{9AE6CC7E-115B-44E9-BEA3-FBEABB7A1448}.Prod|Any CPU.ActiveCfg = Prod|Any CPU
		{9AE6CC7E-115B-44E9-BEA3-FBEABB7A1448}.Prod|Any CPU.Build.0 = Prod|Any CPU
		{9AE6CC7E-115B-44E9-BEA3-FBEABB7A1448}.Release|Any CPU.ActiveCfg = Release|Any CPU
		{9AE6CC7E-115B-44E9-BEA3-FBEABB7A1448}.Release|Any CPU.Build.0 = Release|Any CPU
		{9AE6CC7E-115B-44E9-BEA3-FBEABB7A1448}.SERProd|Any CPU.ActiveCfg = SERProd|Any CPU
		{9AE6CC7E-115B-44E9-BEA3-FBEABB7A1448}.SERProd|Any CPU.Build.0 = SERProd|Any CPU
		{0513BC0F-6D0C-4C19-997C-C1E7361213CA}.Debug|Any CPU.ActiveCfg = Debug|Any CPU
		{0513BC0F-6D0C-4C19-997C-C1E7361213CA}.Debug|Any CPU.Build.0 = Debug|Any CPU
		{0513BC0F-6D0C-4C19-997C-C1E7361213CA}.Hom|Any CPU.ActiveCfg = Release|Any CPU
		{0513BC0F-6D0C-4C19-997C-C1E7361213CA}.Hom|Any CPU.Build.0 = Release|Any CPU
		{0513BC0F-6D0C-4C19-997C-C1E7361213CA}.Prod|Any CPU.ActiveCfg = Release|Any CPU
		{0513BC0F-6D0C-4C19-997C-C1E7361213CA}.Prod|Any CPU.Build.0 = Release|Any CPU
		{0513BC0F-6D0C-4C19-997C-C1E7361213CA}.Release|Any CPU.ActiveCfg = Release|Any CPU
		{0513BC0F-6D0C-4C19-997C-C1E7361213CA}.Release|Any CPU.Build.0 = Release|Any CPU
		{0513BC0F-6D0C-4C19-997C-C1E7361213CA}.SERProd|Any CPU.ActiveCfg = SERProd|Any CPU
		{0513BC0F-6D0C-4C19-997C-C1E7361213CA}.SERProd|Any CPU.Build.0 = SERProd|Any CPU
	EndGlobalSection
	GlobalSection(SolutionProperties) = preSolution
		HideSolutionNode = FALSE
	EndGlobalSection
	GlobalSection(ExtensibilityGlobals) = postSolution
		SolutionGuid = {EC3336A6-4368-436A-AF58-0C34242D628D}
	EndGlobalSection
EndGlobal
