
Microsoft Visual Studio Solution File, Format Version 12.00
# Visual Studio 15
VisualStudioVersion = 15.0.27703.2035
MinimumVisualStudioVersion = 10.0.40219.1
Project("{FAE04EC0-301F-11D3-BF4B-00C04F79EFBC}") = "ApiTecnodim", "ApiTecnodim\ApiTecnodim.csproj", "{7E5E71CA-A80D-419B-BD28-B03578369059}"
EndProject
Project("{FAE04EC0-301F-11D3-BF4B-00C04F79EFBC}") = "WebService", "WebService\WebService.csproj", "{A5766729-FB84-44B0-8C63-3E0C94748832}"
EndProject
Project("{FAE04EC0-301F-11D3-BF4B-00C04F79EFBC}") = "i18n", "i18n\i18n.csproj", "{D1ECEB7F-0D76-415F-9E3B-627E2BA86ABD}"
EndProject
Project("{FAE04EC0-301F-11D3-BF4B-00C04F79EFBC}") = "DataEF", "DataEF\DataEF.csproj", "{008B818A-ADE8-4772-81A9-C327F49E1CAD}"
EndProject
Global
	GlobalSection(SolutionConfigurationPlatforms) = preSolution
		Debug|Any CPU = Debug|Any CPU
		Release|Any CPU = Release|Any CPU
	EndGlobalSection
	GlobalSection(ProjectConfigurationPlatforms) = postSolution
		{7E5E71CA-A80D-419B-BD28-B03578369059}.Debug|Any CPU.ActiveCfg = Debug|Any CPU
		{7E5E71CA-A80D-419B-BD28-B03578369059}.Debug|Any CPU.Build.0 = Debug|Any CPU
		{7E5E71CA-A80D-419B-BD28-B03578369059}.Release|Any CPU.ActiveCfg = Release|Any CPU
		{7E5E71CA-A80D-419B-BD28-B03578369059}.Release|Any CPU.Build.0 = Release|Any CPU
		{A5766729-FB84-44B0-8C63-3E0C94748832}.Debug|Any CPU.ActiveCfg = Debug|Any CPU
		{A5766729-FB84-44B0-8C63-3E0C94748832}.Debug|Any CPU.Build.0 = Debug|Any CPU
		{A5766729-FB84-44B0-8C63-3E0C94748832}.Release|Any CPU.ActiveCfg = Release|Any CPU
		{A5766729-FB84-44B0-8C63-3E0C94748832}.Release|Any CPU.Build.0 = Release|Any CPU
		{D1ECEB7F-0D76-415F-9E3B-627E2BA86ABD}.Debug|Any CPU.ActiveCfg = Debug|Any CPU
		{D1ECEB7F-0D76-415F-9E3B-627E2BA86ABD}.Debug|Any CPU.Build.0 = Debug|Any CPU
		{D1ECEB7F-0D76-415F-9E3B-627E2BA86ABD}.Release|Any CPU.ActiveCfg = Release|Any CPU
		{D1ECEB7F-0D76-415F-9E3B-627E2BA86ABD}.Release|Any CPU.Build.0 = Release|Any CPU
		{008B818A-ADE8-4772-81A9-C327F49E1CAD}.Debug|Any CPU.ActiveCfg = Debug|Any CPU
		{008B818A-ADE8-4772-81A9-C327F49E1CAD}.Debug|Any CPU.Build.0 = Debug|Any CPU
		{008B818A-ADE8-4772-81A9-C327F49E1CAD}.Release|Any CPU.ActiveCfg = Release|Any CPU
		{008B818A-ADE8-4772-81A9-C327F49E1CAD}.Release|Any CPU.Build.0 = Release|Any CPU
	EndGlobalSection
	GlobalSection(SolutionProperties) = preSolution
		HideSolutionNode = FALSE
	EndGlobalSection
	GlobalSection(ExtensibilityGlobals) = postSolution
		SolutionGuid = {EC3336A6-4368-436A-AF58-0C34242D628D}
	EndGlobalSection
EndGlobal
